
Microsoft Visual Studio Solution File, Format Version 12.00
# Visual Studio Version 17
VisualStudioVersion = 17.4.33122.133
MinimumVisualStudioVersion = 10.0.40219.1
Project("{9A19103F-16F7-4668-BE54-9A1E7A4F7556}") = "SimListener", "SimListener.csproj", "{99AA581F-BB18-414C-A57D-F2380AC3F612}"
EndProject
Global
	GlobalSection(SolutionConfigurationPlatforms) = preSolution
		Debug|Any CPU = Debug|Any CPU
		Release|Any CPU = Release|Any CPU
	EndGlobalSection
	GlobalSection(ProjectConfigurationPlatforms) = postSolution
		{99AA581F-BB18-414C-A57D-F2380AC3F612}.Debug|Any CPU.ActiveCfg = Debug|Any CPU
		{99AA581F-BB18-414C-A57D-F2380AC3F612}.Debug|Any CPU.Build.0 = Debug|Any CPU
		{99AA581F-BB18-414C-A57D-F2380AC3F612}.Release|Any CPU.ActiveCfg = Release|Any CPU
		{99AA581F-BB18-414C-A57D-F2380AC3F612}.Release|Any CPU.Build.0 = Release|Any CPU
	EndGlobalSection
	GlobalSection(SolutionProperties) = preSolution
		HideSolutionNode = FALSE
	EndGlobalSection
	GlobalSection(ExtensibilityGlobals) = postSolution
		SolutionGuid = {2B2A567A-1F7C-4582-8A5C-4BAA09FA5FBD}
	EndGlobalSection
EndGlobal
