
Microsoft Visual Studio Solution File, Format Version 12.00
# Visual Studio Version 17
VisualStudioVersion = 17.4.33122.133
MinimumVisualStudioVersion = 10.0.40219.1
Project("{2150E333-8FDC-42A3-9474-1A3956D46DE8}") = "github", "github", "{363C04C4-1C05-444B-950B-822160009582}"
	ProjectSection(SolutionItems) = preProject
		.github\dependabot.yml = .github\dependabot.yml
	EndProjectSection
EndProject
Project("{2150E333-8FDC-42A3-9474-1A3956D46DE8}") = "workflows", "workflows", "{45CB9EF7-988B-42AE-A205-C2807809CCEB}"
	ProjectSection(SolutionItems) = preProject
		.github\workflows\dotnet.yml = .github\workflows\dotnet.yml
	EndProjectSection
EndProject
Project("{9A19103F-16F7-4668-BE54-9A1E7A4F7556}") = "SimListener", "SimListener\SimListener.csproj", "{9EDBF513-ABF8-423E-A7E0-EF51830A8F15}"
EndProject
Project("{2150E333-8FDC-42A3-9474-1A3956D46DE8}") = "Solution Items", "Solution Items", "{D72E1562-D78C-4809-901D-F2D30B2EC018}"
	ProjectSection(SolutionItems) = preProject
		.gitignore = .gitignore
		LICENSE = LICENSE
		Sim\Microsoft.FlightSimulator.SimConnect.dll = Sim\Microsoft.FlightSimulator.SimConnect.dll
		README.md = README.md
		Sim\SimConnect.dll = Sim\SimConnect.dll
	EndProjectSection
EndProject
Project("{9A19103F-16F7-4668-BE54-9A1E7A4F7556}") = "SimListenerTest", "SimListenerTest\SimListenerTest.csproj", "{E30EB48F-2AA3-4C46-82CF-68441A9900AE}"
EndProject
Project("{FAE04EC0-301F-11D3-BF4B-00C04F79EFBC}") = "CrashTestDummy", "CrashTestDummy\CrashTestDummy.csproj", "{318F2D76-2EC0-5419-6DDE-E140DC85A701}"
EndProject
Global
	GlobalSection(SolutionConfigurationPlatforms) = preSolution
		Debug|64 = Debug|64
		Debug|Any CPU = Debug|Any CPU
		Debug|ARM64 = Debug|ARM64
		Debug|x64 = Debug|x64
		Debug|x86 = Debug|x86
		Release|64 = Release|64
		Release|Any CPU = Release|Any CPU
		Release|ARM64 = Release|ARM64
		Release|x64 = Release|x64
		Release|x86 = Release|x86
	EndGlobalSection
	GlobalSection(ProjectConfigurationPlatforms) = postSolution
		{9EDBF513-ABF8-423E-A7E0-EF51830A8F15}.Debug|64.ActiveCfg = Debug|Any CPU
		{9EDBF513-ABF8-423E-A7E0-EF51830A8F15}.Debug|64.Build.0 = Debug|Any CPU
		{9EDBF513-ABF8-423E-A7E0-EF51830A8F15}.Debug|Any CPU.ActiveCfg = Debug|Any CPU
		{9EDBF513-ABF8-423E-A7E0-EF51830A8F15}.Debug|Any CPU.Build.0 = Debug|Any CPU
		{9EDBF513-ABF8-423E-A7E0-EF51830A8F15}.Debug|ARM64.ActiveCfg = Debug|x64
		{9EDBF513-ABF8-423E-A7E0-EF51830A8F15}.Debug|ARM64.Build.0 = Debug|x64
		{9EDBF513-ABF8-423E-A7E0-EF51830A8F15}.Debug|x64.ActiveCfg = Debug|x64
		{9EDBF513-ABF8-423E-A7E0-EF51830A8F15}.Debug|x64.Build.0 = Debug|x64
		{9EDBF513-ABF8-423E-A7E0-EF51830A8F15}.Debug|x86.ActiveCfg = Debug|Any CPU
		{9EDBF513-ABF8-423E-A7E0-EF51830A8F15}.Debug|x86.Build.0 = Debug|Any CPU
		{9EDBF513-ABF8-423E-A7E0-EF51830A8F15}.Release|64.ActiveCfg = Release|x64
		{9EDBF513-ABF8-423E-A7E0-EF51830A8F15}.Release|64.Build.0 = Release|x64
		{9EDBF513-ABF8-423E-A7E0-EF51830A8F15}.Release|Any CPU.ActiveCfg = Release|Any CPU
		{9EDBF513-ABF8-423E-A7E0-EF51830A8F15}.Release|Any CPU.Build.0 = Release|Any CPU
		{9EDBF513-ABF8-423E-A7E0-EF51830A8F15}.Release|ARM64.ActiveCfg = Release|x64
		{9EDBF513-ABF8-423E-A7E0-EF51830A8F15}.Release|x64.ActiveCfg = Release|x64
		{9EDBF513-ABF8-423E-A7E0-EF51830A8F15}.Release|x64.Build.0 = Release|x64
		{9EDBF513-ABF8-423E-A7E0-EF51830A8F15}.Release|x86.ActiveCfg = Release|Any CPU
		{9EDBF513-ABF8-423E-A7E0-EF51830A8F15}.Release|x86.Build.0 = Release|Any CPU
		{E30EB48F-2AA3-4C46-82CF-68441A9900AE}.Debug|64.ActiveCfg = Debug|Any CPU
		{E30EB48F-2AA3-4C46-82CF-68441A9900AE}.Debug|Any CPU.ActiveCfg = Debug|Any CPU
		{E30EB48F-2AA3-4C46-82CF-68441A9900AE}.Debug|Any CPU.Build.0 = Debug|Any CPU
		{E30EB48F-2AA3-4C46-82CF-68441A9900AE}.Debug|ARM64.ActiveCfg = Debug|x64
		{E30EB48F-2AA3-4C46-82CF-68441A9900AE}.Debug|ARM64.Build.0 = Debug|x64
		{E30EB48F-2AA3-4C46-82CF-68441A9900AE}.Debug|x64.ActiveCfg = Debug|x64
		{E30EB48F-2AA3-4C46-82CF-68441A9900AE}.Debug|x64.Build.0 = Debug|x64
		{E30EB48F-2AA3-4C46-82CF-68441A9900AE}.Debug|x86.ActiveCfg = Debug|Any CPU
		{E30EB48F-2AA3-4C46-82CF-68441A9900AE}.Debug|x86.Build.0 = Debug|Any CPU
		{E30EB48F-2AA3-4C46-82CF-68441A9900AE}.Release|64.ActiveCfg = Release|x64
		{E30EB48F-2AA3-4C46-82CF-68441A9900AE}.Release|Any CPU.ActiveCfg = Release|Any CPU
		{E30EB48F-2AA3-4C46-82CF-68441A9900AE}.Release|ARM64.ActiveCfg = Release|Any CPU
		{E30EB48F-2AA3-4C46-82CF-68441A9900AE}.Release|ARM64.Build.0 = Release|Any CPU
		{E30EB48F-2AA3-4C46-82CF-68441A9900AE}.Release|x64.ActiveCfg = Release|x64
		{E30EB48F-2AA3-4C46-82CF-68441A9900AE}.Release|x64.Build.0 = Release|x64
		{E30EB48F-2AA3-4C46-82CF-68441A9900AE}.Release|x86.ActiveCfg = Release|Any CPU
		{E30EB48F-2AA3-4C46-82CF-68441A9900AE}.Release|x86.Build.0 = Release|Any CPU
		{318F2D76-2EC0-5419-6DDE-E140DC85A701}.Debug|64.ActiveCfg = Debug|Any CPU
		{318F2D76-2EC0-5419-6DDE-E140DC85A701}.Debug|64.Build.0 = Debug|Any CPU
		{318F2D76-2EC0-5419-6DDE-E140DC85A701}.Debug|Any CPU.ActiveCfg = Debug|Any CPU
		{318F2D76-2EC0-5419-6DDE-E140DC85A701}.Debug|Any CPU.Build.0 = Debug|Any CPU
		{318F2D76-2EC0-5419-6DDE-E140DC85A701}.Debug|ARM64.ActiveCfg = Debug|Any CPU
		{318F2D76-2EC0-5419-6DDE-E140DC85A701}.Debug|ARM64.Build.0 = Debug|Any CPU
		{318F2D76-2EC0-5419-6DDE-E140DC85A701}.Debug|x64.ActiveCfg = Debug|x64
		{318F2D76-2EC0-5419-6DDE-E140DC85A701}.Debug|x64.Build.0 = Debug|x64
		{318F2D76-2EC0-5419-6DDE-E140DC85A701}.Debug|x86.ActiveCfg = Debug|Any CPU
		{318F2D76-2EC0-5419-6DDE-E140DC85A701}.Debug|x86.Build.0 = Debug|Any CPU
		{318F2D76-2EC0-5419-6DDE-E140DC85A701}.Release|64.ActiveCfg = Release|Any CPU
		{318F2D76-2EC0-5419-6DDE-E140DC85A701}.Release|64.Build.0 = Release|Any CPU
		{318F2D76-2EC0-5419-6DDE-E140DC85A701}.Release|Any CPU.ActiveCfg = Release|Any CPU
		{318F2D76-2EC0-5419-6DDE-E140DC85A701}.Release|ARM64.ActiveCfg = Release|Any CPU
		{318F2D76-2EC0-5419-6DDE-E140DC85A701}.Release|ARM64.Build.0 = Release|Any CPU
		{318F2D76-2EC0-5419-6DDE-E140DC85A701}.Release|x64.ActiveCfg = Release|x64
		{318F2D76-2EC0-5419-6DDE-E140DC85A701}.Release|x64.Build.0 = Release|x64
		{318F2D76-2EC0-5419-6DDE-E140DC85A701}.Release|x86.ActiveCfg = Release|Any CPU
		{318F2D76-2EC0-5419-6DDE-E140DC85A701}.Release|x86.Build.0 = Release|Any CPU
	EndGlobalSection
	GlobalSection(SolutionProperties) = preSolution
		HideSolutionNode = FALSE
	EndGlobalSection
	GlobalSection(NestedProjects) = preSolution
		{45CB9EF7-988B-42AE-A205-C2807809CCEB} = {363C04C4-1C05-444B-950B-822160009582}
	EndGlobalSection
	GlobalSection(ExtensibilityGlobals) = postSolution
		SolutionGuid = {2B2A567A-1F7C-4582-8A5C-4BAA09FA5FBD}
	EndGlobalSection
EndGlobal
